<?xml version="1.0" encoding="utf-8"?>
<Project ToolsVersion="4.0" xmlns="http://schemas.microsoft.com/developer/msbuild/2003">
  <ItemGroup>
    <Filter Include="소스 파일">
      <UniqueIdentifier>{4FC737F1-C7A5-4376-A066-2A32D752A2FF}</UniqueIdentifier>
      <Extensions>cpp;c;cc;cxx;def;odl;idl;hpj;bat;asm;asmx</Extensions>
    </Filter>
    <Filter Include="헤더 파일">
      <UniqueIdentifier>{93995380-89BD-4b04-88EB-625FBE52EBFB}</UniqueIdentifier>
      <Extensions>h;hh;hpp;hxx;hm;inl;inc;ipp;xsd</Extensions>
    </Filter>
    <Filter Include="리소스 파일">
      <UniqueIdentifier>{67DA6AB6-F800-4c08-8B7A-83BB121AAD01}</UniqueIdentifier>
      <Extensions>rc;ico;cur;bmp;dlg;rc2;rct;bin;rgs;gif;jpg;jpeg;jpe;resx;tiff;tif;png;wav;mfcribbon-ms</Extensions>
    </Filter>
    <Filter Include="2DGameFramework">
      <UniqueIdentifier>{6f3d1e45-ab86-42a7-9a61-2bd45cd7872c}</UniqueIdentifier>
    </Filter>
    <Filter Include="playGround">
      <UniqueIdentifier>{95982806-068a-439b-ba72-8cb93f3609f5}</UniqueIdentifier>
    </Filter>
    <Filter Include="2DGameFramework\SingletonBase">
      <UniqueIdentifier>{fab0ad69-58ad-46bb-984d-736d10eee0f5}</UniqueIdentifier>
    </Filter>
    <Filter Include="2DGameFramework\Manager">
      <UniqueIdentifier>{05d340ae-7cae-42ce-831b-ae2b80a9b8c5}</UniqueIdentifier>
    </Filter>
    <Filter Include="2DGameFramework\image">
      <UniqueIdentifier>{161a019f-83fb-4aa5-a2bd-53b11c8888ac}</UniqueIdentifier>
    </Filter>
    <Filter Include="2DGameFramework\Utils">
      <UniqueIdentifier>{6649f313-dbf4-4ec9-afff-24f47b1a709e}</UniqueIdentifier>
    </Filter>
    <Filter Include="2DGameFramework\txtData">
      <UniqueIdentifier>{431e51a5-80a3-453e-b6b4-0a46c07862b8}</UniqueIdentifier>
    </Filter>
    <Filter Include="2DGameFramework\timer">
      <UniqueIdentifier>{903124e9-0a6f-4f4f-8a9b-cc25c6f3482b}</UniqueIdentifier>
    </Filter>
    <Filter Include="2DGameFramework\animation">
      <UniqueIdentifier>{206ac15a-4721-4c12-93be-e176c2715a13}</UniqueIdentifier>
    </Filter>
    <Filter Include="2DGameFramework\effect">
      <UniqueIdentifier>{b3284ef1-2dfe-42bb-bb2d-937dfd3982d5}</UniqueIdentifier>
    </Filter>
    <Filter Include="2DGameFramework\D2DRenderer">
      <UniqueIdentifier>{2d1dd8ac-e312-47f8-ad2e-1e37730b725b}</UniqueIdentifier>
    </Filter>
    <Filter Include="playGround\차주영">
      <UniqueIdentifier>{1d66a468-e6a2-43ce-8b54-d90e7d48440f}</UniqueIdentifier>
    </Filter>
    <Filter Include="playGround\정기성">
      <UniqueIdentifier>{0fbd757c-a76b-4fc6-a6fd-cff13d84daf1}</UniqueIdentifier>
    </Filter>
    <Filter Include="playGround\김지아">
      <UniqueIdentifier>{e09d9d45-55f5-40e3-9b5d-76e469849f03}</UniqueIdentifier>
    </Filter>
    <Filter Include="playGround\강해라">
      <UniqueIdentifier>{a40dee95-f80e-47f2-aa69-2706a012fa15}</UniqueIdentifier>
    </Filter>
    <Filter Include="playGround\송용은">
      <UniqueIdentifier>{df840e29-cfea-4ab6-ac55-e6d5d1b399c6}</UniqueIdentifier>
    </Filter>
    <Filter Include="playGround\stage">
      <UniqueIdentifier>{790afaf2-380e-4e2d-ab9a-69ad2f21963b}</UniqueIdentifier>
    </Filter>
  </ItemGroup>
  <ItemGroup>
    <ClInclude Include="stdafx.h">
      <Filter>헤더 파일</Filter>
    </ClInclude>
    <ClInclude Include="targetver.h">
      <Filter>헤더 파일</Filter>
    </ClInclude>
    <ClInclude Include="Resource.h">
      <Filter>헤더 파일</Filter>
    </ClInclude>
    <ClInclude Include="windowsAPI.h">
      <Filter>헤더 파일</Filter>
    </ClInclude>
    <ClInclude Include="commonMacroFunction.h">
      <Filter>헤더 파일</Filter>
    </ClInclude>
    <ClInclude Include="gameNode.h">
      <Filter>2DGameFramework</Filter>
    </ClInclude>
    <ClInclude Include="playGround.h">
      <Filter>playGround</Filter>
    </ClInclude>
    <ClInclude Include="singletonBase.h">
      <Filter>2DGameFramework\SingletonBase</Filter>
    </ClInclude>
    <ClInclude Include="randomFunction.h">
      <Filter>헤더 파일</Filter>
    </ClInclude>
    <ClInclude Include="keyManager.h">
      <Filter>2DGameFramework\Manager</Filter>
    </ClInclude>
    <ClInclude Include="image.h">
      <Filter>2DGameFramework\image</Filter>
    </ClInclude>
    <ClInclude Include="utils.h">
      <Filter>2DGameFramework\Utils</Filter>
    </ClInclude>
    <ClInclude Include="collision.h">
      <Filter>2DGameFramework\Utils</Filter>
    </ClInclude>
    <ClInclude Include="imageManager.h">
      <Filter>2DGameFramework\Manager</Filter>
    </ClInclude>
    <ClInclude Include="txtData.h">
      <Filter>2DGameFramework\txtData</Filter>
    </ClInclude>
    <ClInclude Include="timer.h">
      <Filter>2DGameFramework\timer</Filter>
    </ClInclude>
    <ClInclude Include="timeManager.h">
      <Filter>2DGameFramework\Manager</Filter>
    </ClInclude>
    <ClInclude Include="animation.h">
      <Filter>2DGameFramework\animation</Filter>
    </ClInclude>
    <ClInclude Include="soundManager.h">
      <Filter>2DGameFramework\Manager</Filter>
    </ClInclude>
    <ClInclude Include="sceneManager.h">
      <Filter>2DGameFramework\Manager</Filter>
    </ClInclude>
    <ClInclude Include="D2DRenderer.h">
      <Filter>2DGameFramework\D2DRenderer</Filter>
    </ClInclude>
    <ClInclude Include="LibraryHeader.h">
      <Filter>헤더 파일</Filter>
    </ClInclude>
    <ClInclude Include="Vector2.h">
      <Filter>2DGameFramework\Utils</Filter>
    </ClInclude>
    <ClInclude Include="FloatRect.h">
      <Filter>2DGameFramework\Utils</Filter>
    </ClInclude>
    <ClInclude Include="cameraManager.h">
      <Filter>2DGameFramework\Manager</Filter>
    </ClInclude>
    <ClInclude Include="keyAniManager.h">
      <Filter>2DGameFramework\Manager</Filter>
    </ClInclude>
    <ClInclude Include="player.h">
      <Filter>playGround\정기성</Filter>
    </ClInclude>
    <ClInclude Include="enemy.h">
      <Filter>playGround\강해라</Filter>
    </ClInclude>
    <ClInclude Include="item.h">
      <Filter>playGround\김지아</Filter>
    </ClInclude>
    <ClInclude Include="itemManager.h">
      <Filter>playGround\김지아</Filter>
    </ClInclude>
    <ClInclude Include="aStarManager.h">
      <Filter>playGround\송용은</Filter>
    </ClInclude>
    <ClInclude Include="button.h">
      <Filter>playGround\차주영</Filter>
    </ClInclude>
    <ClInclude Include="tile.h">
      <Filter>playGround\차주영</Filter>
    </ClInclude>
    <ClInclude Include="tileNode.h">
      <Filter>playGround\차주영</Filter>
    </ClInclude>
    <ClInclude Include="enemyManager.h">
      <Filter>playGround\강해라</Filter>
    </ClInclude>
    <ClInclude Include="effectManager.h">
      <Filter>2DGameFramework\Manager</Filter>
    </ClInclude>
    <ClInclude Include="effect.h">
      <Filter>2DGameFramework\effect</Filter>
    </ClInclude>
    <ClInclude Include="stageManager.h">
      <Filter>playGround\stage</Filter>
    </ClInclude>
    <ClInclude Include="title.h">
      <Filter>playGround\stage</Filter>
    </ClInclude>
    <ClInclude Include="shopStage.h">
      <Filter>playGround\stage</Filter>
    </ClInclude>
    <ClInclude Include="dungeonStage.h">
      <Filter>playGround\stage</Filter>
    </ClInclude>
    <ClInclude Include="objectManager.h">
      <Filter>playGround\차주영</Filter>
    </ClInclude>
  </ItemGroup>
  <ItemGroup>
    <ClCompile Include="stdafx.cpp">
      <Filter>소스 파일</Filter>
    </ClCompile>
    <ClCompile Include="windowsAPI.cpp">
      <Filter>소스 파일</Filter>
    </ClCompile>
    <ClCompile Include="gameNode.cpp">
      <Filter>2DGameFramework</Filter>
    </ClCompile>
    <ClCompile Include="playGround.cpp">
      <Filter>playGround</Filter>
    </ClCompile>
    <ClCompile Include="keyManager.cpp">
      <Filter>2DGameFramework\Manager</Filter>
    </ClCompile>
    <ClCompile Include="image.cpp">
      <Filter>2DGameFramework\image</Filter>
    </ClCompile>
    <ClCompile Include="utils.cpp">
      <Filter>2DGameFramework\Utils</Filter>
    </ClCompile>
    <ClCompile Include="collision.cpp">
      <Filter>2DGameFramework\Utils</Filter>
    </ClCompile>
    <ClCompile Include="imageManager.cpp">
      <Filter>2DGameFramework\Manager</Filter>
    </ClCompile>
    <ClCompile Include="txtData.cpp">
      <Filter>2DGameFramework\txtData</Filter>
    </ClCompile>
    <ClCompile Include="timer.cpp">
      <Filter>2DGameFramework\timer</Filter>
    </ClCompile>
    <ClCompile Include="timeManager.cpp">
      <Filter>2DGameFramework\Manager</Filter>
    </ClCompile>
    <ClCompile Include="animation.cpp">
      <Filter>2DGameFramework\animation</Filter>
    </ClCompile>
    <ClCompile Include="soundManager.cpp">
      <Filter>2DGameFramework\Manager</Filter>
    </ClCompile>
    <ClCompile Include="sceneManager.cpp">
      <Filter>2DGameFramework\Manager</Filter>
    </ClCompile>
    <ClCompile Include="D2DRenderer.cpp">
      <Filter>2DGameFramework\D2DRenderer</Filter>
    </ClCompile>
    <ClCompile Include="D2DRenderer+Draw.cpp">
      <Filter>2DGameFramework\D2DRenderer</Filter>
    </ClCompile>
    <ClCompile Include="Vector2.cpp">
      <Filter>2DGameFramework\Utils</Filter>
    </ClCompile>
    <ClCompile Include="FloatRect.cpp">
      <Filter>2DGameFramework\Utils</Filter>
    </ClCompile>
    <ClCompile Include="cameraManager.cpp">
      <Filter>2DGameFramework\Manager</Filter>
    </ClCompile>
    <ClCompile Include="keyAniManager.cpp">
      <Filter>2DGameFramework\Manager</Filter>
    </ClCompile>
    <ClCompile Include="player.cpp">
      <Filter>playGround\정기성</Filter>
    </ClCompile>
    <ClCompile Include="enemy.cpp">
      <Filter>playGround\강해라</Filter>
    </ClCompile>
    <ClCompile Include="item.cpp">
      <Filter>playGround\김지아</Filter>
    </ClCompile>
    <ClCompile Include="itemManager.cpp">
      <Filter>playGround\김지아</Filter>
    </ClCompile>
    <ClCompile Include="aStarManager.cpp">
      <Filter>playGround\송용은</Filter>
    </ClCompile>
    <ClCompile Include="button.cpp">
      <Filter>playGround\차주영</Filter>
    </ClCompile>
    <ClCompile Include="tile.cpp">
      <Filter>playGround\차주영</Filter>
    </ClCompile>
    <ClCompile Include="enemyManager.cpp">
      <Filter>playGround\강해라</Filter>
    </ClCompile>
    <ClCompile Include="effectManager.cpp">
      <Filter>2DGameFramework\Manager</Filter>
    </ClCompile>
    <ClCompile Include="effect.cpp">
      <Filter>2DGameFramework\effect</Filter>
    </ClCompile>
    <ClCompile Include="stageManager.cpp">
      <Filter>playGround\stage</Filter>
    </ClCompile>
    <ClCompile Include="title.cpp">
      <Filter>playGround\stage</Filter>
    </ClCompile>
    <ClCompile Include="shopStage.cpp">
      <Filter>playGround\stage</Filter>
    </ClCompile>
    <ClCompile Include="dungeonStage.cpp">
      <Filter>playGround\stage</Filter>
    </ClCompile>
    <ClCompile Include="objectManager.cpp">
      <Filter>playGround\차주영</Filter>
    </ClCompile>
  </ItemGroup>
  <ItemGroup>
    <ResourceCompile Include="windowsAPI.rc">
      <Filter>리소스 파일</Filter>
    </ResourceCompile>
  </ItemGroup>
  <ItemGroup>
    <Image Include="small.ico">
      <Filter>리소스 파일</Filter>
    </Image>
    <Image Include="windowsAPI.ico">
      <Filter>리소스 파일</Filter>
    </Image>
  </ItemGroup>
</Project>